
Microsoft Visual Studio Solution File, Format Version 12.00
# Visual Studio for Mac
Project("{FAE04EC0-301F-11D3-BF4B-00C04F79EFBC}") = "AstarPathfindingProject", "AstarPathfindingProject.csproj", "{3B44448F-CA7C-88B3-FD20-F5576445EE49}"
EndProject
Project("{FAE04EC0-301F-11D3-BF4B-00C04F79EFBC}") = "Assembly-CSharp", "Assembly-CSharp.csproj", "{1C2E28ED-0A98-D7C8-9799-5B1574DAEFA6}"
EndProject
Project("{FAE04EC0-301F-11D3-BF4B-00C04F79EFBC}") = "AstarPathfindingProjectEditor", "AstarPathfindingProjectEditor.csproj", "{E2421473-A41D-2100-5A47-C52B4452FBE3}"
EndProject
Project("{FAE04EC0-301F-11D3-BF4B-00C04F79EFBC}") = "PackageToolsEditor", "PackageToolsEditor.csproj", "{CD4E3B0B-D63F-D2EC-5789-13DA375B2DCB}"
EndProject
Global
	GlobalSection(SolutionConfigurationPlatforms) = preSolution
		Debug|Any CPU = Debug|Any CPU
		Release|Any CPU = Release|Any CPU
	EndGlobalSection
	GlobalSection(ProjectConfigurationPlatforms) = postSolution
		{3B44448F-CA7C-88B3-FD20-F5576445EE49}.Debug|Any CPU.ActiveCfg = Debug|Any CPU
		{3B44448F-CA7C-88B3-FD20-F5576445EE49}.Debug|Any CPU.Build.0 = Debug|Any CPU
		{3B44448F-CA7C-88B3-FD20-F5576445EE49}.Release|Any CPU.ActiveCfg = Release|Any CPU
		{3B44448F-CA7C-88B3-FD20-F5576445EE49}.Release|Any CPU.Build.0 = Release|Any CPU
		{1C2E28ED-0A98-D7C8-9799-5B1574DAEFA6}.Debug|Any CPU.ActiveCfg = Debug|Any CPU
		{1C2E28ED-0A98-D7C8-9799-5B1574DAEFA6}.Debug|Any CPU.Build.0 = Debug|Any CPU
		{1C2E28ED-0A98-D7C8-9799-5B1574DAEFA6}.Release|Any CPU.ActiveCfg = Release|Any CPU
		{1C2E28ED-0A98-D7C8-9799-5B1574DAEFA6}.Release|Any CPU.Build.0 = Release|Any CPU
		{E2421473-A41D-2100-5A47-C52B4452FBE3}.Debug|Any CPU.ActiveCfg = Debug|Any CPU
		{E2421473-A41D-2100-5A47-C52B4452FBE3}.Debug|Any CPU.Build.0 = Debug|Any CPU
		{E2421473-A41D-2100-5A47-C52B4452FBE3}.Release|Any CPU.ActiveCfg = Release|Any CPU
		{E2421473-A41D-2100-5A47-C52B4452FBE3}.Release|Any CPU.Build.0 = Release|Any CPU
		{CD4E3B0B-D63F-D2EC-5789-13DA375B2DCB}.Debug|Any CPU.ActiveCfg = Debug|Any CPU
		{CD4E3B0B-D63F-D2EC-5789-13DA375B2DCB}.Debug|Any CPU.Build.0 = Debug|Any CPU
		{CD4E3B0B-D63F-D2EC-5789-13DA375B2DCB}.Release|Any CPU.ActiveCfg = Release|Any CPU
		{CD4E3B0B-D63F-D2EC-5789-13DA375B2DCB}.Release|Any CPU.Build.0 = Release|Any CPU
	EndGlobalSection
	GlobalSection(SolutionProperties) = preSolution
		HideSolutionNode = FALSE
	EndGlobalSection
EndGlobal
